
Microsoft Visual Studio Solution File, Format Version 12.00
# Visual Studio Version 17
VisualStudioVersion = 17.4.33110.190
MinimumVisualStudioVersion = 10.0.40219.1
Project("{2150E333-8FDC-42A3-9474-1A3956D46DE8}") = "src", "src", "{AD829948-5746-4ED4-BC85-F1D0DBB13F11}"
EndProject
Project("{2150E333-8FDC-42A3-9474-1A3956D46DE8}") = "Services", "Services", "{51DE7E95-E9FB-4E8D-BA1F-D21804BD15DB}"
EndProject
Project("{2150E333-8FDC-42A3-9474-1A3956D46DE8}") = "Facility", "Facility", "{DA4682B9-DF34-4F1F-8AB0-DFC22FD9A5C3}"
EndProject
Project("{2150E333-8FDC-42A3-9474-1A3956D46DE8}") = "tests", "tests", "{A9D8697B-08F7-4BB1-BE08-F6203664FE7D}"
EndProject
Project("{9A19103F-16F7-4668-BE54-9A1E7A4F7556}") = "Facility.API", "src\Services\Facility\Facility.API\Facility.API.csproj", "{281632A9-050B-4439-90C4-21A60C997461}"
EndProject
Project("{E53339B2-1760-4266-BCC7-CA923CBCF16C}") = "docker-compose", "docker-compose.dcproj", "{329CCD56-FBE0-4DC3-8A20-CF523DFE6241}"
EndProject
Project("{2150E333-8FDC-42A3-9474-1A3956D46DE8}") = "ArtistsCatalog", "ArtistsCatalog", "{8E52A64F-01BC-49FD-B69A-029F067F9439}"
EndProject
Project("{9A19103F-16F7-4668-BE54-9A1E7A4F7556}") = "ArtistsCatalog.API", "src\Services\ArtistsCatalog\ArtistsCatalog.API\ArtistsCatalog.API.csproj", "{BA323E69-217C-4BB3-9E03-0583BB7A6844}"
EndProject
Project("{2150E333-8FDC-42A3-9474-1A3956D46DE8}") = "tests", "tests", "{12F90210-CEF1-4C25-99F3-1FDB1F804DFA}"
EndProject
Project("{FAE04EC0-301F-11D3-BF4B-00C04F79EFBC}") = "ArtistsCatalog.UnitTests", "src\Services\ArtistsCatalog\tests\ArtistsCatalog.UnitTests\ArtistsCatalog.UnitTests.csproj", "{CA8EDDDC-B8A4-4839-B1B2-B4AB5DA7E38E}"
EndProject
Global
	GlobalSection(SolutionConfigurationPlatforms) = preSolution
		Debug|Any CPU = Debug|Any CPU
		Release|Any CPU = Release|Any CPU
	EndGlobalSection
	GlobalSection(ProjectConfigurationPlatforms) = postSolution
		{281632A9-050B-4439-90C4-21A60C997461}.Debug|Any CPU.ActiveCfg = Debug|Any CPU
		{281632A9-050B-4439-90C4-21A60C997461}.Debug|Any CPU.Build.0 = Debug|Any CPU
		{281632A9-050B-4439-90C4-21A60C997461}.Release|Any CPU.ActiveCfg = Release|Any CPU
		{281632A9-050B-4439-90C4-21A60C997461}.Release|Any CPU.Build.0 = Release|Any CPU
		{329CCD56-FBE0-4DC3-8A20-CF523DFE6241}.Debug|Any CPU.ActiveCfg = Debug|Any CPU
		{329CCD56-FBE0-4DC3-8A20-CF523DFE6241}.Debug|Any CPU.Build.0 = Debug|Any CPU
		{329CCD56-FBE0-4DC3-8A20-CF523DFE6241}.Release|Any CPU.ActiveCfg = Release|Any CPU
		{329CCD56-FBE0-4DC3-8A20-CF523DFE6241}.Release|Any CPU.Build.0 = Release|Any CPU
		{BA323E69-217C-4BB3-9E03-0583BB7A6844}.Debug|Any CPU.ActiveCfg = Debug|Any CPU
		{BA323E69-217C-4BB3-9E03-0583BB7A6844}.Debug|Any CPU.Build.0 = Debug|Any CPU
		{BA323E69-217C-4BB3-9E03-0583BB7A6844}.Release|Any CPU.ActiveCfg = Release|Any CPU
		{BA323E69-217C-4BB3-9E03-0583BB7A6844}.Release|Any CPU.Build.0 = Release|Any CPU
		{CA8EDDDC-B8A4-4839-B1B2-B4AB5DA7E38E}.Debug|Any CPU.ActiveCfg = Debug|Any CPU
		{CA8EDDDC-B8A4-4839-B1B2-B4AB5DA7E38E}.Debug|Any CPU.Build.0 = Debug|Any CPU
		{CA8EDDDC-B8A4-4839-B1B2-B4AB5DA7E38E}.Release|Any CPU.ActiveCfg = Release|Any CPU
		{CA8EDDDC-B8A4-4839-B1B2-B4AB5DA7E38E}.Release|Any CPU.Build.0 = Release|Any CPU
	EndGlobalSection
	GlobalSection(SolutionProperties) = preSolution
		HideSolutionNode = FALSE
	EndGlobalSection
	GlobalSection(NestedProjects) = preSolution
		{51DE7E95-E9FB-4E8D-BA1F-D21804BD15DB} = {AD829948-5746-4ED4-BC85-F1D0DBB13F11}
		{DA4682B9-DF34-4F1F-8AB0-DFC22FD9A5C3} = {51DE7E95-E9FB-4E8D-BA1F-D21804BD15DB}
		{A9D8697B-08F7-4BB1-BE08-F6203664FE7D} = {DA4682B9-DF34-4F1F-8AB0-DFC22FD9A5C3}
		{281632A9-050B-4439-90C4-21A60C997461} = {DA4682B9-DF34-4F1F-8AB0-DFC22FD9A5C3}
		{8E52A64F-01BC-49FD-B69A-029F067F9439} = {51DE7E95-E9FB-4E8D-BA1F-D21804BD15DB}
		{BA323E69-217C-4BB3-9E03-0583BB7A6844} = {8E52A64F-01BC-49FD-B69A-029F067F9439}
		{12F90210-CEF1-4C25-99F3-1FDB1F804DFA} = {8E52A64F-01BC-49FD-B69A-029F067F9439}
		{CA8EDDDC-B8A4-4839-B1B2-B4AB5DA7E38E} = {12F90210-CEF1-4C25-99F3-1FDB1F804DFA}
	EndGlobalSection
	GlobalSection(ExtensibilityGlobals) = postSolution
		SolutionGuid = {67F9339A-713B-4CC9-BA38-F5473016E2A0}
	EndGlobalSection
EndGlobal
